// !$*UTF8*$!
{
	archiveVersion = 1;
	classes = {
	};
	objectVersion = 56;
	objects = {

/* Begin PBXBuildFile section */
		9729CA982D54300300E20514 /* AppDelegate.swift in Sources */ = {isa = PBXBuildFile; fileRef = 9729CA972D54300300E20514 /* AppDelegate.swift */; };
		9729CA9A2D54300300E20514 /* SceneDelegate.swift in Sources */ = {isa = PBXBuildFile; fileRef = 9729CA992D54300300E20514 /* SceneDelegate.swift */; };
		9729CA9C2D54300300E20514 /* ViewController.swift in Sources */ = {isa = PBXBuildFile; fileRef = 9729CA9B2D54300300E20514 /* ViewController.swift */; };
		9729CA9F2D54300300E20514 /* Base in Resources */ = {isa = PBXBuildFile; fileRef = 9729CA9E2D54300300E20514 /* Base */; };
		9729CAA12D54300500E20514 /* Assets.xcassets in Resources */ = {isa = PBXBuildFile; fileRef = 9729CAA02D54300500E20514 /* Assets.xcassets */; };
		9729CAA42D54300500E20514 /* Base in Resources */ = {isa = PBXBuildFile; fileRef = 9729CAA32D54300500E20514 /* Base */; };
		9729CAAF2D54300500E20514 /* KariyernetTests.swift in Sources */ = {isa = PBXBuildFile; fileRef = 9729CAAE2D54300500E20514 /* KariyernetTests.swift */; };
		9729CAB92D54300500E20514 /* KariyernetUITests.swift in Sources */ = {isa = PBXBuildFile; fileRef = 9729CAB82D54300500E20514 /* KariyernetUITests.swift */; };
		9729CABB2D54300500E20514 /* KariyernetUITestsLaunchTests.swift in Sources */ = {isa = PBXBuildFile; fileRef = 9729CABA2D54300500E20514 /* KariyernetUITestsLaunchTests.swift */; };
/* End PBXBuildFile section */

/* Begin PBXContainerItemProxy section */
		9729CAAB2D54300500E20514 /* PBXContainerItemProxy */ = {
			isa = PBXContainerItemProxy;
			containerPortal = 9729CA8C2D54300300E20514 /* Project object */;
			proxyType = 1;
			remoteGlobalIDString = 9729CA932D54300300E20514;
			remoteInfo = Kariyernet;
		};
		9729CAB52D54300500E20514 /* PBXContainerItemProxy */ = {
			isa = PBXContainerItemProxy;
			containerPortal = 9729CA8C2D54300300E20514 /* Project object */;
			proxyType = 1;
			remoteGlobalIDString = 9729CA932D54300300E20514;
			remoteInfo = Kariyernet;
		};
/* End PBXContainerItemProxy section */

/* Begin PBXFileReference section */
		9729CA942D54300300E20514 /* Kariyernet.app */ = {isa = PBXFileReference; explicitFileType = wrapper.application; includeInIndex = 0; path = Kariyernet.app; sourceTree = BUILT_PRODUCTS_DIR; };
		9729CA972D54300300E20514 /* AppDelegate.swift */ = {isa = PBXFileReference; lastKnownFileType = sourcecode.swift; path = AppDelegate.swift; sourceTree = "<group>"; };
		9729CA992D54300300E20514 /* SceneDelegate.swift */ = {isa = PBXFileReference; lastKnownFileType = sourcecode.swift; path = SceneDelegate.swift; sourceTree = "<group>"; };
		9729CA9B2D54300300E20514 /* ViewController.swift */ = {isa = PBXFileReference; lastKnownFileType = sourcecode.swift; path = ViewController.swift; sourceTree = "<group>"; };
		9729CA9E2D54300300E20514 /* Base */ = {isa = PBXFileReference; lastKnownFileType = file.storyboard; name = Base; path = Base.lproj/Main.storyboard; sourceTree = "<group>"; };
		9729CAA02D54300500E20514 /* Assets.xcassets */ = {isa = PBXFileReference; lastKnownFileType = folder.assetcatalog; path = Assets.xcassets; sourceTree = "<group>"; };
		9729CAA32D54300500E20514 /* Base */ = {isa = PBXFileReference; lastKnownFileType = file.storyboard; name = Base; path = Base.lproj/LaunchScreen.storyboard; sourceTree = "<group>"; };
		9729CAA52D54300500E20514 /* Info.plist */ = {isa = PBXFileReference; lastKnownFileType = text.plist.xml; path = Info.plist; sourceTree = "<group>"; };
		9729CAAA2D54300500E20514 /* KariyernetTests.xctest */ = {isa = PBXFileReference; explicitFileType = wrapper.cfbundle; includeInIndex = 0; path = KariyernetTests.xctest; sourceTree = BUILT_PRODUCTS_DIR; };
		9729CAAE2D54300500E20514 /* KariyernetTests.swift */ = {isa = PBXFileReference; lastKnownFileType = sourcecode.swift; path = KariyernetTests.swift; sourceTree = "<group>"; };
		9729CAB42D54300500E20514 /* KariyernetUITests.xctest */ = {isa = PBXFileReference; explicitFileType = wrapper.cfbundle; includeInIndex = 0; path = KariyernetUITests.xctest; sourceTree = BUILT_PRODUCTS_DIR; };
		9729CAB82D54300500E20514 /* KariyernetUITests.swift */ = {isa = PBXFileReference; lastKnownFileType = sourcecode.swift; path = KariyernetUITests.swift; sourceTree = "<group>"; };
		9729CABA2D54300500E20514 /* KariyernetUITestsLaunchTests.swift */ = {isa = PBXFileReference; lastKnownFileType = sourcecode.swift; path = KariyernetUITestsLaunchTests.swift; sourceTree = "<group>"; };
/* End PBXFileReference section */

/* Begin PBXFrameworksBuildPhase section */
		9729CA912D54300300E20514 /* Frameworks */ = {
			isa = PBXFrameworksBuildPhase;
			buildActionMask = 2147483647;
			files = (
			);
			runOnlyForDeploymentPostprocessing = 0;
		};
		9729CAA72D54300500E20514 /* Frameworks */ = {
			isa = PBXFrameworksBuildPhase;
			buildActionMask = 2147483647;
			files = (
			);
			runOnlyForDeploymentPostprocessing = 0;
		};
		9729CAB12D54300500E20514 /* Frameworks */ = {
			isa = PBXFrameworksBuildPhase;
			buildActionMask = 2147483647;
			files = (
			);
			runOnlyForDeploymentPostprocessing = 0;
		};
/* End PBXFrameworksBuildPhase section */

/* Begin PBXGroup section */
		9729CA8B2D54300300E20514 = {
			isa = PBXGroup;
			children = (
				9729CA962D54300300E20514 /* Kariyernet */,
				9729CAAD2D54300500E20514 /* KariyernetTests */,
				9729CAB72D54300500E20514 /* KariyernetUITests */,
				9729CA952D54300300E20514 /* Products */,
			);
			sourceTree = "<group>";
		};
		9729CA952D54300300E20514 /* Products */ = {
			isa = PBXGroup;
			children = (
				9729CA942D54300300E20514 /* Kariyernet.app */,
				9729CAAA2D54300500E20514 /* KariyernetTests.xctest */,
				9729CAB42D54300500E20514 /* KariyernetUITests.xctest */,
			);
			name = Products;
			sourceTree = "<group>";
		};
		9729CA962D54300300E20514 /* Kariyernet */ = {
			isa = PBXGroup;
			children = (
				9729CA972D54300300E20514 /* AppDelegate.swift */,
				9729CA992D54300300E20514 /* SceneDelegate.swift */,
				9729CA9B2D54300300E20514 /* ViewController.swift */,
				9729CA9D2D54300300E20514 /* Main.storyboard */,
				9729CAA02D54300500E20514 /* Assets.xcassets */,
				9729CAA22D54300500E20514 /* LaunchScreen.storyboard */,
				9729CAA52D54300500E20514 /* Info.plist */,
			);
			path = Kariyernet;
			sourceTree = "<group>";
		};
		9729CAAD2D54300500E20514 /* KariyernetTests */ = {
			isa = PBXGroup;
			children = (
				9729CAAE2D54300500E20514 /* KariyernetTests.swift */,
			);
			path = KariyernetTests;
			sourceTree = "<group>";
		};
		9729CAB72D54300500E20514 /* KariyernetUITests */ = {
			isa = PBXGroup;
			children = (
				9729CAB82D54300500E20514 /* KariyernetUITests.swift */,
				9729CABA2D54300500E20514 /* KariyernetUITestsLaunchTests.swift */,
			);
			path = KariyernetUITests;
			sourceTree = "<group>";
		};
/* End PBXGroup section */

/* Begin PBXNativeTarget section */
		9729CA932D54300300E20514 /* Kariyernet */ = {
			isa = PBXNativeTarget;
			buildConfigurationList = 9729CABE2D54300500E20514 /* Build configuration list for PBXNativeTarget "Kariyernet" */;
			buildPhases = (
				9729CA902D54300300E20514 /* Sources */,
				9729CA912D54300300E20514 /* Frameworks */,
				9729CA922D54300300E20514 /* Resources */,
			);
			buildRules = (
			);
			dependencies = (
			);
			name = Kariyernet;
			productName = Kariyernet;
			productReference = 9729CA942D54300300E20514 /* Kariyernet.app */;
			productType = "com.apple.product-type.application";
		};
		9729CAA92D54300500E20514 /* KariyernetTests */ = {
			isa = PBXNativeTarget;
			buildConfigurationList = 9729CAC12D54300500E20514 /* Build configuration list for PBXNativeTarget "KariyernetTests" */;
			buildPhases = (
				9729CAA62D54300500E20514 /* Sources */,
				9729CAA72D54300500E20514 /* Frameworks */,
				9729CAA82D54300500E20514 /* Resources */,
			);
			buildRules = (
			);
			dependencies = (
				9729CAAC2D54300500E20514 /* PBXTargetDependency */,
			);
			name = KariyernetTests;
			productName = KariyernetTests;
			productReference = 9729CAAA2D54300500E20514 /* KariyernetTests.xctest */;
			productType = "com.apple.product-type.bundle.unit-test";
		};
		9729CAB32D54300500E20514 /* KariyernetUITests */ = {
			isa = PBXNativeTarget;
			buildConfigurationList = 9729CAC42D54300500E20514 /* Build configuration list for PBXNativeTarget "KariyernetUITests" */;
			buildPhases = (
				9729CAB02D54300500E20514 /* Sources */,
				9729CAB12D54300500E20514 /* Frameworks */,
				9729CAB22D54300500E20514 /* Resources */,
			);
			buildRules = (
			);
			dependencies = (
				9729CAB62D54300500E20514 /* PBXTargetDependency */,
			);
			name = KariyernetUITests;
			productName = KariyernetUITests;
			productReference = 9729CAB42D54300500E20514 /* KariyernetUITests.xctest */;
			productType = "com.apple.product-type.bundle.ui-testing";
		};
/* End PBXNativeTarget section */

/* Begin PBXProject section */
		9729CA8C2D54300300E20514 /* Project object */ = {
			isa = PBXProject;
			attributes = {
				BuildIndependentTargetsInParallel = 1;
				LastSwiftUpdateCheck = 1540;
				LastUpgradeCheck = 1540;
				TargetAttributes = {
					9729CA932D54300300E20514 = {
						CreatedOnToolsVersion = 15.4;
					};
					9729CAA92D54300500E20514 = {
						CreatedOnToolsVersion = 15.4;
						TestTargetID = 9729CA932D54300300E20514;
					};
					9729CAB32D54300500E20514 = {
						CreatedOnToolsVersion = 15.4;
						TestTargetID = 9729CA932D54300300E20514;
					};
				};
			};
			buildConfigurationList = 9729CA8F2D54300300E20514 /* Build configuration list for PBXProject "Kariyernet" */;
			compatibilityVersion = "Xcode 14.0";
			developmentRegion = en;
			hasScannedForEncodings = 0;
			knownRegions = (
				en,
				Base,
			);
			mainGroup = 9729CA8B2D54300300E20514;
			productRefGroup = 9729CA952D54300300E20514 /* Products */;
			projectDirPath = "";
			projectRoot = "";
			targets = (
				9729CA932D54300300E20514 /* Kariyernet */,
				9729CAA92D54300500E20514 /* KariyernetTests */,
				9729CAB32D54300500E20514 /* KariyernetUITests */,
			);
		};
/* End PBXProject section */

/* Begin PBXResourcesBuildPhase section */
		9729CA922D54300300E20514 /* Resources */ = {
			isa = PBXResourcesBuildPhase;
			buildActionMask = 2147483647;
			files = (
				9729CAA12D54300500E20514 /* Assets.xcassets in Resources */,
				9729CAA42D54300500E20514 /* Base in Resources */,
				9729CA9F2D54300300E20514 /* Base in Resources */,
			);
			runOnlyForDeploymentPostprocessing = 0;
		};
		9729CAA82D54300500E20514 /* Resources */ = {
			isa = PBXResourcesBuildPhase;
			buildActionMask = 2147483647;
			files = (
			);
			runOnlyForDeploymentPostprocessing = 0;
		};
		9729CAB22D54300500E20514 /* Resources */ = {
			isa = PBXResourcesBuildPhase;
			buildActionMask = 2147483647;
			files = (
			);
			runOnlyForDeploymentPostprocessing = 0;
		};
/* End PBXResourcesBuildPhase section */

/* Begin PBXSourcesBuildPhase section */
		9729CA902D54300300E20514 /* Sources */ = {
			isa = PBXSourcesBuildPhase;
			buildActionMask = 2147483647;
			files = (
				9729CA9C2D54300300E20514 /* ViewController.swift in Sources */,
				9729CA982D54300300E20514 /* AppDelegate.swift in Sources */,
				9729CA9A2D54300300E20514 /* SceneDelegate.swift in Sources */,
			);
			runOnlyForDeploymentPostprocessing = 0;
		};
		9729CAA62D54300500E20514 /* Sources */ = {
			isa = PBXSourcesBuildPhase;
			buildActionMask = 2147483647;
			files = (
				9729CAAF2D54300500E20514 /* KariyernetTests.swift in Sources */,
			);
			runOnlyForDeploymentPostprocessing = 0;
		};
		9729CAB02D54300500E20514 /* Sources */ = {
			isa = PBXSourcesBuildPhase;
			buildActionMask = 2147483647;
			files = (
				9729CABB2D54300500E20514 /* KariyernetUITestsLaunchTests.swift in Sources */,
				9729CAB92D54300500E20514 /* KariyernetUITests.swift in Sources */,
			);
			runOnlyForDeploymentPostprocessing = 0;
		};
/* End PBXSourcesBuildPhase section */

/* Begin PBXTargetDependency section */
		9729CAAC2D54300500E20514 /* PBXTargetDependency */ = {
			isa = PBXTargetDependency;
			target = 9729CA932D54300300E20514 /* Kariyernet */;
			targetProxy = 9729CAAB2D54300500E20514 /* PBXContainerItemProxy */;
		};
		9729CAB62D54300500E20514 /* PBXTargetDependency */ = {
			isa = PBXTargetDependency;
			target = 9729CA932D54300300E20514 /* Kariyernet */;
			targetProxy = 9729CAB52D54300500E20514 /* PBXContainerItemProxy */;
		};
/* End PBXTargetDependency section */

/* Begin PBXVariantGroup section */
		9729CA9D2D54300300E20514 /* Main.storyboard */ = {
			isa = PBXVariantGroup;
			children = (
				9729CA9E2D54300300E20514 /* Base */,
			);
			name = Main.storyboard;
			sourceTree = "<group>";
		};
		9729CAA22D54300500E20514 /* LaunchScreen.storyboard */ = {
			isa = PBXVariantGroup;
			children = (
				9729CAA32D54300500E20514 /* Base */,
			);
			name = LaunchScreen.storyboard;
			sourceTree = "<group>";
		};
/* End PBXVariantGroup section */

/* Begin XCBuildConfiguration section */
		9729CABC2D54300500E20514 /* Debug */ = {
			isa = XCBuildConfiguration;
			buildSettings = {
				ALWAYS_SEARCH_USER_PATHS = NO;
				ASSETCATALOG_COMPILER_GENERATE_SWIFT_ASSET_SYMBOL_EXTENSIONS = YES;
				CLANG_ANALYZER_NONNULL = YES;
				CLANG_ANALYZER_NUMBER_OBJECT_CONVERSION = YES_AGGRESSIVE;
				CLANG_CXX_LANGUAGE_STANDARD = "gnu++20";
				CLANG_ENABLE_MODULES = YES;
				CLANG_ENABLE_OBJC_ARC = YES;
				CLANG_ENABLE_OBJC_WEAK = YES;
				CLANG_WARN_BLOCK_CAPTURE_AUTORELEASING = YES;
				CLANG_WARN_BOOL_CONVERSION = YES;
				CLANG_WARN_COMMA = YES;
				CLANG_WARN_CONSTANT_CONVERSION = YES;
				CLANG_WARN_DEPRECATED_OBJC_IMPLEMENTATIONS = YES;
				CLANG_WARN_DIRECT_OBJC_ISA_USAGE = YES_ERROR;
				CLANG_WARN_DOCUMENTATION_COMMENTS = YES;
				CLANG_WARN_EMPTY_BODY = YES;
				CLANG_WARN_ENUM_CONVERSION = YES;
				CLANG_WARN_INFINITE_RECURSION = YES;
				CLANG_WARN_INT_CONVERSION = YES;
				CLANG_WARN_NON_LITERAL_NULL_CONVERSION = YES;
				CLANG_WARN_OBJC_IMPLICIT_RETAIN_SELF = YES;
				CLANG_WARN_OBJC_LITERAL_CONVERSION = YES;
				CLANG_WARN_OBJC_ROOT_CLASS = YES_ERROR;
				CLANG_WARN_QUOTED_INCLUDE_IN_FRAMEWORK_HEADER = YES;
				CLANG_WARN_RANGE_LOOP_ANALYSIS = YES;
				CLANG_WARN_STRICT_PROTOTYPES = YES;
				CLANG_WARN_SUSPICIOUS_MOVE = YES;
				CLANG_WARN_UNGUARDED_AVAILABILITY = YES_AGGRESSIVE;
				CLANG_WARN_UNREACHABLE_CODE = YES;
				CLANG_WARN__DUPLICATE_METHOD_MATCH = YES;
				COPY_PHASE_STRIP = NO;
				DEBUG_INFORMATION_FORMAT = dwarf;
				ENABLE_STRICT_OBJC_MSGSEND = YES;
				ENABLE_TESTABILITY = YES;
				ENABLE_USER_SCRIPT_SANDBOXING = YES;
				GCC_C_LANGUAGE_STANDARD = gnu17;
				GCC_DYNAMIC_NO_PIC = NO;
				GCC_NO_COMMON_BLOCKS = YES;
				GCC_OPTIMIZATION_LEVEL = 0;
				GCC_PREPROCESSOR_DEFINITIONS = (
					"DEBUG=1",
					"$(inherited)",
				);
				GCC_WARN_64_TO_32_BIT_CONVERSION = YES;
				GCC_WARN_ABOUT_RETURN_TYPE = YES_ERROR;
				GCC_WARN_UNDECLARED_SELECTOR = YES;
				GCC_WARN_UNINITIALIZED_AUTOS = YES_AGGRESSIVE;
				GCC_WARN_UNUSED_FUNCTION = YES;
				GCC_WARN_UNUSED_VARIABLE = YES;
				IPHONEOS_DEPLOYMENT_TARGET = 17.5;
				LOCALIZATION_PREFERS_STRING_CATALOGS = YES;
				MTL_ENABLE_DEBUG_INFO = INCLUDE_SOURCE;
				MTL_FAST_MATH = YES;
				ONLY_ACTIVE_ARCH = YES;
				SDKROOT = iphoneos;
				SWIFT_ACTIVE_COMPILATION_CONDITIONS = "DEBUG $(inherited)";
				SWIFT_OPTIMIZATION_LEVEL = "-Onone";
			};
			name = Debug;
		};
		9729CABD2D54300500E20514 /* Release */ = {
			isa = XCBuildConfiguration;
			buildSettings = {
				ALWAYS_SEARCH_USER_PATHS = NO;
				ASSETCATALOG_COMPILER_GENERATE_SWIFT_ASSET_SYMBOL_EXTENSIONS = YES;
				CLANG_ANALYZER_NONNULL = YES;
				CLANG_ANALYZER_NUMBER_OBJECT_CONVERSION = YES_AGGRESSIVE;
				CLANG_CXX_LANGUAGE_STANDARD = "gnu++20";
				CLANG_ENABLE_MODULES = YES;
				CLANG_ENABLE_OBJC_ARC = YES;
				CLANG_ENABLE_OBJC_WEAK = YES;
				CLANG_WARN_BLOCK_CAPTURE_AUTORELEASING = YES;
				CLANG_WARN_BOOL_CONVERSION = YES;
				CLANG_WARN_COMMA = YES;
				CLANG_WARN_CONSTANT_CONVERSION = YES;
				CLANG_WARN_DEPRECATED_OBJC_IMPLEMENTATIONS = YES;
				CLANG_WARN_DIRECT_OBJC_ISA_USAGE = YES_ERROR;
				CLANG_WARN_DOCUMENTATION_COMMENTS = YES;
				CLANG_WARN_EMPTY_BODY = YES;
				CLANG_WARN_ENUM_CONVERSION = YES;
				CLANG_WARN_INFINITE_RECURSION = YES;
				CLANG_WARN_INT_CONVERSION = YES;
				CLANG_WARN_NON_LITERAL_NULL_CONVERSION = YES;
				CLANG_WARN_OBJC_IMPLICIT_RETAIN_SELF = YES;
				CLANG_WARN_OBJC_LITERAL_CONVERSION = YES;
				CLANG_WARN_OBJC_ROOT_CLASS = YES_ERROR;
				CLANG_WARN_QUOTED_INCLUDE_IN_FRAMEWORK_HEADER = YES;
				CLANG_WARN_RANGE_LOOP_ANALYSIS = YES;
				CLANG_WARN_STRICT_PROTOTYPES = YES;
				CLANG_WARN_SUSPICIOUS_MOVE = YES;
				CLANG_WARN_UNGUARDED_AVAILABILITY = YES_AGGRESSIVE;
				CLANG_WARN_UNREACHABLE_CODE = YES;
				CLANG_WARN__DUPLICATE_METHOD_MATCH = YES;
				COPY_PHASE_STRIP = NO;
				DEBUG_INFORMATION_FORMAT = "dwarf-with-dsym";
				ENABLE_NS_ASSERTIONS = NO;
				ENABLE_STRICT_OBJC_MSGSEND = YES;
				ENABLE_USER_SCRIPT_SANDBOXING = YES;
				GCC_C_LANGUAGE_STANDARD = gnu17;
				GCC_NO_COMMON_BLOCKS = YES;
				GCC_WARN_64_TO_32_BIT_CONVERSION = YES;
				GCC_WARN_ABOUT_RETURN_TYPE = YES_ERROR;
				GCC_WARN_UNDECLARED_SELECTOR = YES;
				GCC_WARN_UNINITIALIZED_AUTOS = YES_AGGRESSIVE;
				GCC_WARN_UNUSED_FUNCTION = YES;
				GCC_WARN_UNUSED_VARIABLE = YES;
				IPHONEOS_DEPLOYMENT_TARGET = 17.5;
				LOCALIZATION_PREFERS_STRING_CATALOGS = YES;
				MTL_ENABLE_DEBUG_INFO = NO;
				MTL_FAST_MATH = YES;
				SDKROOT = iphoneos;
				SWIFT_COMPILATION_MODE = wholemodule;
				VALIDATE_PRODUCT = YES;
			};
			name = Release;
		};
		9729CABF2D54300500E20514 /* Debug */ = {
			isa = XCBuildConfiguration;
			buildSettings = {
				ASSETCATALOG_COMPILER_APPICON_NAME = AppIcon;
				ASSETCATALOG_COMPILER_GLOBAL_ACCENT_COLOR_NAME = AccentColor;
				CODE_SIGN_STYLE = Automatic;
				CURRENT_PROJECT_VERSION = 1;
				GENERATE_INFOPLIST_FILE = YES;
				INFOPLIST_FILE = Kariyernet/Info.plist;
				INFOPLIST_KEY_UIApplicationSupportsIndirectInputEvents = YES;
				INFOPLIST_KEY_UILaunchStoryboardName = LaunchScreen;
				INFOPLIST_KEY_UIMainStoryboardFile = Main;
				INFOPLIST_KEY_UISupportedInterfaceOrientations_iPad = "UIInterfaceOrientationPortrait UIInterfaceOrientationPortraitUpsideDown UIInterfaceOrientationLandscapeLeft UIInterfaceOrientationLandscapeRight";
				INFOPLIST_KEY_UISupportedInterfaceOrientations_iPhone = "UIInterfaceOrientationPortrait UIInterfaceOrientationLandscapeLeft UIInterfaceOrientationLandscapeRight";
				LD_RUNPATH_SEARCH_PATHS = (
					"$(inherited)",
					"@executable_path/Frameworks",
				);
				MARKETING_VERSION = 1.0;
				PRODUCT_BUNDLE_IDENTIFIER = com.canberkcakmak.Kariyernet;
				PRODUCT_NAME = "$(TARGET_NAME)";
				SWIFT_EMIT_LOC_STRINGS = YES;
				SWIFT_VERSION = 5.0;
				TARGETED_DEVICE_FAMILY = "1,2";
			};
			name = Debug;
		};
		9729CAC02D54300500E20514 /* Release */ = {
			isa = XCBuildConfiguration;
			buildSettings = {
				ASSETCATALOG_COMPILER_APPICON_NAME = AppIcon;
				ASSETCATALOG_COMPILER_GLOBAL_ACCENT_COLOR_NAME = AccentColor;
				CODE_SIGN_STYLE = Automatic;
				CURRENT_PROJECT_VERSION = 1;
				GENERATE_INFOPLIST_FILE = YES;
				INFOPLIST_FILE = Kariyernet/Info.plist;
				INFOPLIST_KEY_UIApplicationSupportsIndirectInputEvents = YES;
				INFOPLIST_KEY_UILaunchStoryboardName = LaunchScreen;
				INFOPLIST_KEY_UIMainStoryboardFile = Main;
				INFOPLIST_KEY_UISupportedInterfaceOrientations_iPad = "UIInterfaceOrientationPortrait UIInterfaceOrientationPortraitUpsideDown UIInterfaceOrientationLandscapeLeft UIInterfaceOrientationLandscapeRight";
				INFOPLIST_KEY_UISupportedInterfaceOrientations_iPhone = "UIInterfaceOrientationPortrait UIInterfaceOrientationLandscapeLeft UIInterfaceOrientationLandscapeRight";
				LD_RUNPATH_SEARCH_PATHS = (
					"$(inherited)",
					"@executable_path/Frameworks",
				);
				MARKETING_VERSION = 1.0;
				PRODUCT_BUNDLE_IDENTIFIER = com.canberkcakmak.Kariyernet;
				PRODUCT_NAME = "$(TARGET_NAME)";
				SWIFT_EMIT_LOC_STRINGS = YES;
				SWIFT_VERSION = 5.0;
				TARGETED_DEVICE_FAMILY = "1,2";
			};
			name = Release;
		};
		9729CAC22D54300500E20514 /* Debug */ = {
			isa = XCBuildConfiguration;
			buildSettings = {
				ALWAYS_EMBED_SWIFT_STANDARD_LIBRARIES = YES;
				BUNDLE_LOADER = "$(TEST_HOST)";
				CODE_SIGN_STYLE = Automatic;
				CURRENT_PROJECT_VERSION = 1;
				GENERATE_INFOPLIST_FILE = YES;
				IPHONEOS_DEPLOYMENT_TARGET = 17.5;
				MARKETING_VERSION = 1.0;
				PRODUCT_BUNDLE_IDENTIFIER = com.canberkcakmak.KariyernetTests;
				PRODUCT_NAME = "$(TARGET_NAME)";
				SWIFT_EMIT_LOC_STRINGS = NO;
				SWIFT_VERSION = 5.0;
				TARGETED_DEVICE_FAMILY = "1,2";
				TEST_HOST = "$(BUILT_PRODUCTS_DIR)/Kariyernet.app/$(BUNDLE_EXECUTABLE_FOLDER_PATH)/Kariyernet";
			};
			name = Debug;
		};
		9729CAC32D54300500E20514 /* Release */ = {
			isa = XCBuildConfiguration;
			buildSettings = {
				ALWAYS_EMBED_SWIFT_STANDARD_LIBRARIES = YES;
				BUNDLE_LOADER = "$(TEST_HOST)";
				CODE_SIGN_STYLE = Automatic;
				CURRENT_PROJECT_VERSION = 1;
				GENERATE_INFOPLIST_FILE = YES;
				IPHONEOS_DEPLOYMENT_TARGET = 17.5;
				MARKETING_VERSION = 1.0;
				PRODUCT_BUNDLE_IDENTIFIER = com.canberkcakmak.KariyernetTests;
				PRODUCT_NAME = "$(TARGET_NAME)";
				SWIFT_EMIT_LOC_STRINGS = NO;
				SWIFT_VERSION = 5.0;
				TARGETED_DEVICE_FAMILY = "1,2";
				TEST_HOST = "$(BUILT_PRODUCTS_DIR)/Kariyernet.app/$(BUNDLE_EXECUTABLE_FOLDER_PATH)/Kariyernet";
			};
			name = Release;
		};
		9729CAC52D54300500E20514 /* Debug */ = {
			isa = XCBuildConfiguration;
			buildSettings = {
				ALWAYS_EMBED_SWIFT_STANDARD_LIBRARIES = YES;
				CODE_SIGN_STYLE = Automatic;
				CURRENT_PROJECT_VERSION = 1;
				GENERATE_INFOPLIST_FILE = YES;
				MARKETING_VERSION = 1.0;
				PRODUCT_BUNDLE_IDENTIFIER = com.canberkcakmak.KariyernetUITests;
				PRODUCT_NAME = "$(TARGET_NAME)";
				SWIFT_EMIT_LOC_STRINGS = NO;
				SWIFT_VERSION = 5.0;
				TARGETED_DEVICE_FAMILY = "1,2";
				TEST_TARGET_NAME = Kariyernet;
			};
			name = Debug;
		};
		9729CAC62D54300500E20514 /* Release */ = {
			isa = XCBuildConfiguration;
			buildSettings = {
				ALWAYS_EMBED_SWIFT_STANDARD_LIBRARIES = YES;
				CODE_SIGN_STYLE = Automatic;
				CURRENT_PROJECT_VERSION = 1;
				GENERATE_INFOPLIST_FILE = YES;
				MARKETING_VERSION = 1.0;
				PRODUCT_BUNDLE_IDENTIFIER = com.canberkcakmak.KariyernetUITests;
				PRODUCT_NAME = "$(TARGET_NAME)";
				SWIFT_EMIT_LOC_STRINGS = NO;
				SWIFT_VERSION = 5.0;
				TARGETED_DEVICE_FAMILY = "1,2";
				TEST_TARGET_NAME = Kariyernet;
			};
			name = Release;
		};
/* End XCBuildConfiguration section */

/* Begin XCConfigurationList section */
		9729CA8F2D54300300E20514 /* Build configuration list for PBXProject "Kariyernet" */ = {
			isa = XCConfigurationList;
			buildConfigurations = (
				9729CABC2D54300500E20514 /* Debug */,
				9729CABD2D54300500E20514 /* Release */,
			);
			defaultConfigurationIsVisible = 0;
			defaultConfigurationName = Release;
		};
		9729CABE2D54300500E20514 /* Build configuration list for PBXNativeTarget "Kariyernet" */ = {
			isa = XCConfigurationList;
			buildConfigurations = (
				9729CABF2D54300500E20514 /* Debug */,
				9729CAC02D54300500E20514 /* Release */,
			);
			defaultConfigurationIsVisible = 0;
			defaultConfigurationName = Release;
		};
		9729CAC12D54300500E20514 /* Build configuration list for PBXNativeTarget "KariyernetTests" */ = {
			isa = XCConfigurationList;
			buildConfigurations = (
				9729CAC22D54300500E20514 /* Debug */,
				9729CAC32D54300500E20514 /* Release */,
			);
			defaultConfigurationIsVisible = 0;
			defaultConfigurationName = Release;
		};
		9729CAC42D54300500E20514 /* Build configuration list for PBXNativeTarget "KariyernetUITests" */ = {
			isa = XCConfigurationList;
			buildConfigurations = (
				9729CAC52D54300500E20514 /* Debug */,
				9729CAC62D54300500E20514 /* Release */,
			);
			defaultConfigurationIsVisible = 0;
			defaultConfigurationName = Release;
		};
/* End XCConfigurationList section */
	};
	rootObject = 9729CA8C2D54300300E20514 /* Project object */;
}
