// !$*UTF8*$!
{
	archiveVersion = 1;
	classes = {
	};
	objectVersion = 56;
	objects = {

/* Begin PBXBuildFile section */
		9729CA982D54300300E20514 /* AppDelegate.swift in Sources */ = {isa = PBXBuildFile; fileRef = 9729CA972D54300300E20514 /* AppDelegate.swift */; };
		9729CA9C2D54300300E20514 /* BaseViewController.swift in Sources */ = {isa = PBXBuildFile; fileRef = 9729CA9B2D54300300E20514 /* BaseViewController.swift */; };
		9729CA9F2D54300300E20514 /* Base in Resources */ = {isa = PBXBuildFile; fileRef = 9729CA9E2D54300300E20514 /* Base */; };
		9729CAA12D54300500E20514 /* Assets.xcassets in Resources */ = {isa = PBXBuildFile; fileRef = 9729CAA02D54300500E20514 /* Assets.xcassets */; };
		9729CAA42D54300500E20514 /* Base in Resources */ = {isa = PBXBuildFile; fileRef = 9729CAA32D54300500E20514 /* Base */; };
		9729CAAF2D54300500E20514 /* KariyernetTests.swift in Sources */ = {isa = PBXBuildFile; fileRef = 9729CAAE2D54300500E20514 /* KariyernetTests.swift */; };
		9729CAB92D54300500E20514 /* KariyernetUITests.swift in Sources */ = {isa = PBXBuildFile; fileRef = 9729CAB82D54300500E20514 /* KariyernetUITests.swift */; };
		9729CABB2D54300500E20514 /* KariyernetUITestsLaunchTests.swift in Sources */ = {isa = PBXBuildFile; fileRef = 9729CABA2D54300500E20514 /* KariyernetUITestsLaunchTests.swift */; };
		9729CACB2D54BC6400E20514 /* BooksViewController.swift in Sources */ = {isa = PBXBuildFile; fileRef = 9729CACA2D54BC6400E20514 /* BooksViewController.swift */; };
		9729CAD12D54BCC400E20514 /* BooksViewModel.swift in Sources */ = {isa = PBXBuildFile; fileRef = 9729CAD02D54BCC400E20514 /* BooksViewModel.swift */; };
		9729CAD32D54BD1100E20514 /* Book.swift in Sources */ = {isa = PBXBuildFile; fileRef = 9729CAD22D54BD1100E20514 /* Book.swift */; };
		9729CAD62D54BDA000E20514 /* Constants.swift in Sources */ = {isa = PBXBuildFile; fileRef = 9729CAD52D54BDA000E20514 /* Constants.swift */; };
		9729CAD92D54BEC700E20514 /* BookDetailView.swift in Sources */ = {isa = PBXBuildFile; fileRef = 9729CAD82D54BEC600E20514 /* BookDetailView.swift */; };
		9729CADD2D54C01F00E20514 /* BookCellView.swift in Sources */ = {isa = PBXBuildFile; fileRef = 9729CADC2D54C01E00E20514 /* BookCellView.swift */; };
		9729CAE32D55486100E20514 /* NetworkManager.swift in Sources */ = {isa = PBXBuildFile; fileRef = 9729CAE22D55486100E20514 /* NetworkManager.swift */; };
		9729CAE62D5548D600E20514 /* BooksService.swift in Sources */ = {isa = PBXBuildFile; fileRef = 9729CAE52D5548D600E20514 /* BooksService.swift */; };
		9729CAEA2D55520F00E20514 /* BooksDataManager.swift in Sources */ = {isa = PBXBuildFile; fileRef = 9729CAE92D55520F00E20514 /* BooksDataManager.swift */; };
		9729CAEF2D5558E800E20514 /* Books.xcdatamodeld in Sources */ = {isa = PBXBuildFile; fileRef = 9729CAED2D5558E800E20514 /* Books.xcdatamodeld */; };
		97D86B452D5E8B4C0027869E /* Feed.swift in Sources */ = {isa = PBXBuildFile; fileRef = 97D86B442D5E8B4C0027869E /* Feed.swift */; };
		97F601302D5E9EA000FBFC07 /* BookRowView.swift in Sources */ = {isa = PBXBuildFile; fileRef = 97F6012F2D5E9EA000FBFC07 /* BookRowView.swift */; };
		97F601322D5EA03F00FBFC07 /* BookSearchViewController.swift in Sources */ = {isa = PBXBuildFile; fileRef = 97F601312D5EA03F00FBFC07 /* BookSearchViewController.swift */; };
		97F601362D5EBAA500FBFC07 /* EmptyStateView.swift in Sources */ = {isa = PBXBuildFile; fileRef = 97F601352D5EBAA500FBFC07 /* EmptyStateView.swift */; };
		97F601382D5EBDD400FBFC07 /* BookAsyncImage.swift in Sources */ = {isa = PBXBuildFile; fileRef = 97F601372D5EBDD400FBFC07 /* BookAsyncImage.swift */; };
		97F6013A2D5EBDFF00FBFC07 /* BookLink.swift in Sources */ = {isa = PBXBuildFile; fileRef = 97F601392D5EBDFF00FBFC07 /* BookLink.swift */; };
		97F6013C2D5EBEB300FBFC07 /* DetailRow.swift in Sources */ = {isa = PBXBuildFile; fileRef = 97F6013B2D5EBEB300FBFC07 /* DetailRow.swift */; };
		97F6013E2D5EC0B200FBFC07 /* DateHelper.swift in Sources */ = {isa = PBXBuildFile; fileRef = 97F6013D2D5EC0B200FBFC07 /* DateHelper.swift */; };
		97F601442D5EC68B00FBFC07 /* BookCell.swift in Sources */ = {isa = PBXBuildFile; fileRef = 97F601432D5EC68B00FBFC07 /* BookCell.swift */; };
		97F601462D5EC80B00FBFC07 /* BookTableViewCell.swift in Sources */ = {isa = PBXBuildFile; fileRef = 97F601452D5EC80B00FBFC07 /* BookTableViewCell.swift */; };
		97F601482D5ED37F00FBFC07 /* BookDataCache.swift in Sources */ = {isa = PBXBuildFile; fileRef = 97F601472D5ED37F00FBFC07 /* BookDataCache.swift */; };
		97F6014A2D5F289300FBFC07 /* ImageCache.swift in Sources */ = {isa = PBXBuildFile; fileRef = 97F601492D5F289300FBFC07 /* ImageCache.swift */; };
		97F6014C2D5F31C300FBFC07 /* BooksViewControllerTests.swift in Sources */ = {isa = PBXBuildFile; fileRef = 97F6014B2D5F31C300FBFC07 /* BooksViewControllerTests.swift */; };
		97F6014E2D5F351C00FBFC07 /* MockBooksViewModel.swift in Sources */ = {isa = PBXBuildFile; fileRef = 97F6014D2D5F351C00FBFC07 /* MockBooksViewModel.swift */; };
		97F601502D5F367100FBFC07 /* MockBooksViewModelDelegate.swift in Sources */ = {isa = PBXBuildFile; fileRef = 97F6014F2D5F367100FBFC07 /* MockBooksViewModelDelegate.swift */; };
		97F601522D5F36AE00FBFC07 /* BooksViewModelTests.swift in Sources */ = {isa = PBXBuildFile; fileRef = 97F601512D5F36AE00FBFC07 /* BooksViewModelTests.swift */; };
		97F601552D5F373700FBFC07 /* BookSearchViewControllerTests.swift in Sources */ = {isa = PBXBuildFile; fileRef = 97F601542D5F373700FBFC07 /* BookSearchViewControllerTests.swift */; };
/* End PBXBuildFile section */

/* Begin PBXContainerItemProxy section */
		9729CAAB2D54300500E20514 /* PBXContainerItemProxy */ = {
			isa = PBXContainerItemProxy;
			containerPortal = 9729CA8C2D54300300E20514 /* Project object */;
			proxyType = 1;
			remoteGlobalIDString = 9729CA932D54300300E20514;
			remoteInfo = Kariyernet;
		};
		9729CAB52D54300500E20514 /* PBXContainerItemProxy */ = {
			isa = PBXContainerItemProxy;
			containerPortal = 9729CA8C2D54300300E20514 /* Project object */;
			proxyType = 1;
			remoteGlobalIDString = 9729CA932D54300300E20514;
			remoteInfo = Kariyernet;
		};
/* End PBXContainerItemProxy section */

/* Begin PBXFileReference section */
		9729CA942D54300300E20514 /* Kariyernet.app */ = {isa = PBXFileReference; explicitFileType = wrapper.application; includeInIndex = 0; path = Kariyernet.app; sourceTree = BUILT_PRODUCTS_DIR; };
		9729CA972D54300300E20514 /* AppDelegate.swift */ = {isa = PBXFileReference; lastKnownFileType = sourcecode.swift; path = AppDelegate.swift; sourceTree = "<group>"; };
		9729CA9B2D54300300E20514 /* BaseViewController.swift */ = {isa = PBXFileReference; lastKnownFileType = sourcecode.swift; path = BaseViewController.swift; sourceTree = "<group>"; };
		9729CA9E2D54300300E20514 /* Base */ = {isa = PBXFileReference; lastKnownFileType = file.storyboard; name = Base; path = Base.lproj/Main.storyboard; sourceTree = "<group>"; };
		9729CAA02D54300500E20514 /* Assets.xcassets */ = {isa = PBXFileReference; lastKnownFileType = folder.assetcatalog; path = Assets.xcassets; sourceTree = "<group>"; };
		9729CAA32D54300500E20514 /* Base */ = {isa = PBXFileReference; lastKnownFileType = file.storyboard; name = Base; path = Base.lproj/LaunchScreen.storyboard; sourceTree = "<group>"; };
		9729CAA52D54300500E20514 /* Info.plist */ = {isa = PBXFileReference; lastKnownFileType = text.plist.xml; path = Info.plist; sourceTree = "<group>"; };
		9729CAAA2D54300500E20514 /* KariyernetTests.xctest */ = {isa = PBXFileReference; explicitFileType = wrapper.cfbundle; includeInIndex = 0; path = KariyernetTests.xctest; sourceTree = BUILT_PRODUCTS_DIR; };
		9729CAAE2D54300500E20514 /* KariyernetTests.swift */ = {isa = PBXFileReference; lastKnownFileType = sourcecode.swift; path = KariyernetTests.swift; sourceTree = "<group>"; };
		9729CAB42D54300500E20514 /* KariyernetUITests.xctest */ = {isa = PBXFileReference; explicitFileType = wrapper.cfbundle; includeInIndex = 0; path = KariyernetUITests.xctest; sourceTree = BUILT_PRODUCTS_DIR; };
		9729CAB82D54300500E20514 /* KariyernetUITests.swift */ = {isa = PBXFileReference; lastKnownFileType = sourcecode.swift; path = KariyernetUITests.swift; sourceTree = "<group>"; };
		9729CABA2D54300500E20514 /* KariyernetUITestsLaunchTests.swift */ = {isa = PBXFileReference; lastKnownFileType = sourcecode.swift; path = KariyernetUITestsLaunchTests.swift; sourceTree = "<group>"; };
		9729CACA2D54BC6400E20514 /* BooksViewController.swift */ = {isa = PBXFileReference; lastKnownFileType = sourcecode.swift; path = BooksViewController.swift; sourceTree = "<group>"; };
		9729CAD02D54BCC400E20514 /* BooksViewModel.swift */ = {isa = PBXFileReference; lastKnownFileType = sourcecode.swift; path = BooksViewModel.swift; sourceTree = "<group>"; };
		9729CAD22D54BD1100E20514 /* Book.swift */ = {isa = PBXFileReference; lastKnownFileType = sourcecode.swift; path = Book.swift; sourceTree = "<group>"; };
		9729CAD52D54BDA000E20514 /* Constants.swift */ = {isa = PBXFileReference; lastKnownFileType = sourcecode.swift; path = Constants.swift; sourceTree = "<group>"; };
		9729CAD82D54BEC600E20514 /* BookDetailView.swift */ = {isa = PBXFileReference; lastKnownFileType = sourcecode.swift; path = BookDetailView.swift; sourceTree = "<group>"; };
		9729CADC2D54C01E00E20514 /* BookCellView.swift */ = {isa = PBXFileReference; lastKnownFileType = sourcecode.swift; path = BookCellView.swift; sourceTree = "<group>"; };
		9729CAE22D55486100E20514 /* NetworkManager.swift */ = {isa = PBXFileReference; lastKnownFileType = sourcecode.swift; path = NetworkManager.swift; sourceTree = "<group>"; };
		9729CAE52D5548D600E20514 /* BooksService.swift */ = {isa = PBXFileReference; lastKnownFileType = sourcecode.swift; path = BooksService.swift; sourceTree = "<group>"; };
		9729CAE92D55520F00E20514 /* BooksDataManager.swift */ = {isa = PBXFileReference; lastKnownFileType = sourcecode.swift; path = BooksDataManager.swift; sourceTree = "<group>"; };
		9729CAEE2D5558E800E20514 /* FavoriteBook.xcdatamodel */ = {isa = PBXFileReference; lastKnownFileType = wrapper.xcdatamodel; path = FavoriteBook.xcdatamodel; sourceTree = "<group>"; };
		97D86B442D5E8B4C0027869E /* Feed.swift */ = {isa = PBXFileReference; lastKnownFileType = sourcecode.swift; path = Feed.swift; sourceTree = "<group>"; };
		97F6012F2D5E9EA000FBFC07 /* BookRowView.swift */ = {isa = PBXFileReference; lastKnownFileType = sourcecode.swift; path = BookRowView.swift; sourceTree = "<group>"; };
		97F601312D5EA03F00FBFC07 /* BookSearchViewController.swift */ = {isa = PBXFileReference; lastKnownFileType = sourcecode.swift; path = BookSearchViewController.swift; sourceTree = "<group>"; };
		97F601352D5EBAA500FBFC07 /* EmptyStateView.swift */ = {isa = PBXFileReference; lastKnownFileType = sourcecode.swift; path = EmptyStateView.swift; sourceTree = "<group>"; };
		97F601372D5EBDD400FBFC07 /* BookAsyncImage.swift */ = {isa = PBXFileReference; lastKnownFileType = sourcecode.swift; path = BookAsyncImage.swift; sourceTree = "<group>"; };
		97F601392D5EBDFF00FBFC07 /* BookLink.swift */ = {isa = PBXFileReference; lastKnownFileType = sourcecode.swift; path = BookLink.swift; sourceTree = "<group>"; };
		97F6013B2D5EBEB300FBFC07 /* DetailRow.swift */ = {isa = PBXFileReference; lastKnownFileType = sourcecode.swift; path = DetailRow.swift; sourceTree = "<group>"; };
		97F6013D2D5EC0B200FBFC07 /* DateHelper.swift */ = {isa = PBXFileReference; lastKnownFileType = sourcecode.swift; path = DateHelper.swift; sourceTree = "<group>"; };
		97F601432D5EC68B00FBFC07 /* BookCell.swift */ = {isa = PBXFileReference; lastKnownFileType = sourcecode.swift; path = BookCell.swift; sourceTree = "<group>"; };
		97F601452D5EC80B00FBFC07 /* BookTableViewCell.swift */ = {isa = PBXFileReference; lastKnownFileType = sourcecode.swift; path = BookTableViewCell.swift; sourceTree = "<group>"; };
		97F601472D5ED37F00FBFC07 /* BookDataCache.swift */ = {isa = PBXFileReference; lastKnownFileType = sourcecode.swift; path = BookDataCache.swift; sourceTree = "<group>"; };
		97F601492D5F289300FBFC07 /* ImageCache.swift */ = {isa = PBXFileReference; lastKnownFileType = sourcecode.swift; path = ImageCache.swift; sourceTree = "<group>"; };
		97F6014B2D5F31C300FBFC07 /* BooksViewControllerTests.swift */ = {isa = PBXFileReference; lastKnownFileType = sourcecode.swift; path = BooksViewControllerTests.swift; sourceTree = "<group>"; };
		97F6014D2D5F351C00FBFC07 /* MockBooksViewModel.swift */ = {isa = PBXFileReference; lastKnownFileType = sourcecode.swift; path = MockBooksViewModel.swift; sourceTree = "<group>"; };
		97F6014F2D5F367100FBFC07 /* MockBooksViewModelDelegate.swift */ = {isa = PBXFileReference; lastKnownFileType = sourcecode.swift; path = MockBooksViewModelDelegate.swift; sourceTree = "<group>"; };
		97F601512D5F36AE00FBFC07 /* BooksViewModelTests.swift */ = {isa = PBXFileReference; lastKnownFileType = sourcecode.swift; path = BooksViewModelTests.swift; sourceTree = "<group>"; };
		97F601542D5F373700FBFC07 /* BookSearchViewControllerTests.swift */ = {isa = PBXFileReference; lastKnownFileType = sourcecode.swift; path = BookSearchViewControllerTests.swift; sourceTree = "<group>"; };
/* End PBXFileReference section */

/* Begin PBXFrameworksBuildPhase section */
		9729CA912D54300300E20514 /* Frameworks */ = {
			isa = PBXFrameworksBuildPhase;
			buildActionMask = 2147483647;
			files = (
			);
			runOnlyForDeploymentPostprocessing = 0;
		};
		9729CAA72D54300500E20514 /* Frameworks */ = {
			isa = PBXFrameworksBuildPhase;
			buildActionMask = 2147483647;
			files = (
			);
			runOnlyForDeploymentPostprocessing = 0;
		};
		9729CAB12D54300500E20514 /* Frameworks */ = {
			isa = PBXFrameworksBuildPhase;
			buildActionMask = 2147483647;
			files = (
			);
			runOnlyForDeploymentPostprocessing = 0;
		};
/* End PBXFrameworksBuildPhase section */

/* Begin PBXGroup section */
		9729CA8B2D54300300E20514 = {
			isa = PBXGroup;
			children = (
				9729CA962D54300300E20514 /* Kariyernet */,
				9729CAAD2D54300500E20514 /* KariyernetTests */,
				9729CAB72D54300500E20514 /* KariyernetUITests */,
				9729CA952D54300300E20514 /* Products */,
			);
			sourceTree = "<group>";
		};
		9729CA952D54300300E20514 /* Products */ = {
			isa = PBXGroup;
			children = (
				9729CA942D54300300E20514 /* Kariyernet.app */,
				9729CAAA2D54300500E20514 /* KariyernetTests.xctest */,
				9729CAB42D54300500E20514 /* KariyernetUITests.xctest */,
			);
			name = Products;
			sourceTree = "<group>";
		};
		9729CA962D54300300E20514 /* Kariyernet */ = {
			isa = PBXGroup;
			children = (
				9729CAE42D5548CE00E20514 /* service */,
				9729CAC82D5431E400E20514 /* network */,
				9729CAC92D5431EB00E20514 /* helpers */,
				9729CAC72D5431D800E20514 /* features */,
				9729CA972D54300300E20514 /* AppDelegate.swift */,
				9729CA9B2D54300300E20514 /* BaseViewController.swift */,
				9729CA9D2D54300300E20514 /* Main.storyboard */,
				9729CAA02D54300500E20514 /* Assets.xcassets */,
				9729CAA22D54300500E20514 /* LaunchScreen.storyboard */,
				9729CAED2D5558E800E20514 /* Books.xcdatamodeld */,
				9729CAA52D54300500E20514 /* Info.plist */,
			);
			path = Kariyernet;
			sourceTree = "<group>";
		};
		9729CAAD2D54300500E20514 /* KariyernetTests */ = {
			isa = PBXGroup;
			children = (
				97F601532D5F36DD00FBFC07 /* mockData */,
				9729CAAE2D54300500E20514 /* KariyernetTests.swift */,
				97F6014B2D5F31C300FBFC07 /* BooksViewControllerTests.swift */,
				97F601512D5F36AE00FBFC07 /* BooksViewModelTests.swift */,
				97F601542D5F373700FBFC07 /* BookSearchViewControllerTests.swift */,
			);
			path = KariyernetTests;
			sourceTree = "<group>";
		};
		9729CAB72D54300500E20514 /* KariyernetUITests */ = {
			isa = PBXGroup;
			children = (
				9729CAB82D54300500E20514 /* KariyernetUITests.swift */,
				9729CABA2D54300500E20514 /* KariyernetUITestsLaunchTests.swift */,
			);
			path = KariyernetUITests;
			sourceTree = "<group>";
		};
		9729CAC72D5431D800E20514 /* features */ = {
			isa = PBXGroup;
			children = (
				9729CAEC2D5552D400E20514 /* book */,
			);
			path = features;
			sourceTree = "<group>";
		};
		9729CAC82D5431E400E20514 /* network */ = {
			isa = PBXGroup;
			children = (
				9729CAE22D55486100E20514 /* NetworkManager.swift */,
			);
			path = network;
			sourceTree = "<group>";
		};
		9729CAC92D5431EB00E20514 /* helpers */ = {
			isa = PBXGroup;
			children = (
				9729CAD52D54BDA000E20514 /* Constants.swift */,
				97F6013D2D5EC0B200FBFC07 /* DateHelper.swift */,
			);
			path = helpers;
			sourceTree = "<group>";
		};
		9729CACD2D54BC9500E20514 /* viewModel */ = {
			isa = PBXGroup;
			children = (
				9729CAD02D54BCC400E20514 /* BooksViewModel.swift */,
			);
			path = viewModel;
			sourceTree = "<group>";
		};
		9729CACE2D54BCA100E20514 /* model */ = {
			isa = PBXGroup;
			children = (
				9729CAD22D54BD1100E20514 /* Book.swift */,
				97D86B442D5E8B4C0027869E /* Feed.swift */,
			);
			path = model;
			sourceTree = "<group>";
		};
		9729CACF2D54BCA500E20514 /* controller */ = {
			isa = PBXGroup;
			children = (
				9729CAD82D54BEC600E20514 /* BookDetailView.swift */,
				9729CACA2D54BC6400E20514 /* BooksViewController.swift */,
				97F601312D5EA03F00FBFC07 /* BookSearchViewController.swift */,
			);
			path = controller;
			sourceTree = "<group>";
		};
		9729CADA2D54BFAB00E20514 /* view */ = {
			isa = PBXGroup;
			children = (
				97F601422D5EC46E00FBFC07 /* ui */,
				9729CADB2D54BFAF00E20514 /* cell */,
				97F601352D5EBAA500FBFC07 /* EmptyStateView.swift */,
			);
			path = view;
			sourceTree = "<group>";
		};
		9729CADB2D54BFAF00E20514 /* cell */ = {
			isa = PBXGroup;
			children = (
				9729CADC2D54C01E00E20514 /* BookCellView.swift */,
				97F6012F2D5E9EA000FBFC07 /* BookRowView.swift */,
				97F601432D5EC68B00FBFC07 /* BookCell.swift */,
				97F601452D5EC80B00FBFC07 /* BookTableViewCell.swift */,
			);
			path = cell;
			sourceTree = "<group>";
		};
		9729CAE42D5548CE00E20514 /* service */ = {
			isa = PBXGroup;
			children = (
				9729CAE52D5548D600E20514 /* BooksService.swift */,
			);
			path = service;
			sourceTree = "<group>";
		};
		9729CAE82D5551FF00E20514 /* data */ = {
			isa = PBXGroup;
			children = (
				9729CAE92D55520F00E20514 /* BooksDataManager.swift */,
				97F601472D5ED37F00FBFC07 /* BookDataCache.swift */,
				97F601492D5F289300FBFC07 /* ImageCache.swift */,
			);
			path = data;
			sourceTree = "<group>";
		};
		9729CAEC2D5552D400E20514 /* book */ = {
			isa = PBXGroup;
			children = (
				9729CAE82D5551FF00E20514 /* data */,
				9729CACE2D54BCA100E20514 /* model */,
				9729CACD2D54BC9500E20514 /* viewModel */,
				9729CADA2D54BFAB00E20514 /* view */,
				9729CACF2D54BCA500E20514 /* controller */,
			);
			path = book;
			sourceTree = "<group>";
		};
		97F601422D5EC46E00FBFC07 /* ui */ = {
			isa = PBXGroup;
			children = (
				97F601372D5EBDD400FBFC07 /* BookAsyncImage.swift */,
				97F601392D5EBDFF00FBFC07 /* BookLink.swift */,
				97F6013B2D5EBEB300FBFC07 /* DetailRow.swift */,
			);
			path = ui;
			sourceTree = "<group>";
		};
		97F601532D5F36DD00FBFC07 /* mockData */ = {
			isa = PBXGroup;
			children = (
				97F6014D2D5F351C00FBFC07 /* MockBooksViewModel.swift */,
				97F6014F2D5F367100FBFC07 /* MockBooksViewModelDelegate.swift */,
			);
			path = mockData;
			sourceTree = "<group>";
		};
/* End PBXGroup section */

/* Begin PBXNativeTarget section */
		9729CA932D54300300E20514 /* Kariyernet */ = {
			isa = PBXNativeTarget;
			buildConfigurationList = 9729CABE2D54300500E20514 /* Build configuration list for PBXNativeTarget "Kariyernet" */;
			buildPhases = (
				9729CA902D54300300E20514 /* Sources */,
				9729CA912D54300300E20514 /* Frameworks */,
				9729CA922D54300300E20514 /* Resources */,
			);
			buildRules = (
			);
			dependencies = (
			);
			name = Kariyernet;
			productName = Kariyernet;
			productReference = 9729CA942D54300300E20514 /* Kariyernet.app */;
			productType = "com.apple.product-type.application";
		};
		9729CAA92D54300500E20514 /* KariyernetTests */ = {
			isa = PBXNativeTarget;
			buildConfigurationList = 9729CAC12D54300500E20514 /* Build configuration list for PBXNativeTarget "KariyernetTests" */;
			buildPhases = (
				9729CAA62D54300500E20514 /* Sources */,
				9729CAA72D54300500E20514 /* Frameworks */,
				9729CAA82D54300500E20514 /* Resources */,
			);
			buildRules = (
			);
			dependencies = (
				9729CAAC2D54300500E20514 /* PBXTargetDependency */,
			);
			name = KariyernetTests;
			productName = KariyernetTests;
			productReference = 9729CAAA2D54300500E20514 /* KariyernetTests.xctest */;
			productType = "com.apple.product-type.bundle.unit-test";
		};
		9729CAB32D54300500E20514 /* KariyernetUITests */ = {
			isa = PBXNativeTarget;
			buildConfigurationList = 9729CAC42D54300500E20514 /* Build configuration list for PBXNativeTarget "KariyernetUITests" */;
			buildPhases = (
				9729CAB02D54300500E20514 /* Sources */,
				9729CAB12D54300500E20514 /* Frameworks */,
				9729CAB22D54300500E20514 /* Resources */,
			);
			buildRules = (
			);
			dependencies = (
				9729CAB62D54300500E20514 /* PBXTargetDependency */,
			);
			name = KariyernetUITests;
			productName = KariyernetUITests;
			productReference = 9729CAB42D54300500E20514 /* KariyernetUITests.xctest */;
			productType = "com.apple.product-type.bundle.ui-testing";
		};
/* End PBXNativeTarget section */

/* Begin PBXProject section */
		9729CA8C2D54300300E20514 /* Project object */ = {
			isa = PBXProject;
			attributes = {
				BuildIndependentTargetsInParallel = 1;
				LastSwiftUpdateCheck = 1540;
				LastUpgradeCheck = 1540;
				TargetAttributes = {
					9729CA932D54300300E20514 = {
						CreatedOnToolsVersion = 15.4;
					};
					9729CAA92D54300500E20514 = {
						CreatedOnToolsVersion = 15.4;
						TestTargetID = 9729CA932D54300300E20514;
					};
					9729CAB32D54300500E20514 = {
						CreatedOnToolsVersion = 15.4;
						TestTargetID = 9729CA932D54300300E20514;
					};
				};
			};
			buildConfigurationList = 9729CA8F2D54300300E20514 /* Build configuration list for PBXProject "Kariyernet" */;
			compatibilityVersion = "Xcode 14.0";
			developmentRegion = en;
			hasScannedForEncodings = 0;
			knownRegions = (
				en,
				Base,
			);
			mainGroup = 9729CA8B2D54300300E20514;
			productRefGroup = 9729CA952D54300300E20514 /* Products */;
			projectDirPath = "";
			projectRoot = "";
			targets = (
				9729CA932D54300300E20514 /* Kariyernet */,
				9729CAA92D54300500E20514 /* KariyernetTests */,
				9729CAB32D54300500E20514 /* KariyernetUITests */,
			);
		};
/* End PBXProject section */

/* Begin PBXResourcesBuildPhase section */
		9729CA922D54300300E20514 /* Resources */ = {
			isa = PBXResourcesBuildPhase;
			buildActionMask = 2147483647;
			files = (
				9729CAA12D54300500E20514 /* Assets.xcassets in Resources */,
				9729CAA42D54300500E20514 /* Base in Resources */,
				9729CA9F2D54300300E20514 /* Base in Resources */,
			);
			runOnlyForDeploymentPostprocessing = 0;
		};
		9729CAA82D54300500E20514 /* Resources */ = {
			isa = PBXResourcesBuildPhase;
			buildActionMask = 2147483647;
			files = (
			);
			runOnlyForDeploymentPostprocessing = 0;
		};
		9729CAB22D54300500E20514 /* Resources */ = {
			isa = PBXResourcesBuildPhase;
			buildActionMask = 2147483647;
			files = (
			);
			runOnlyForDeploymentPostprocessing = 0;
		};
/* End PBXResourcesBuildPhase section */

/* Begin PBXSourcesBuildPhase section */
		9729CA902D54300300E20514 /* Sources */ = {
			isa = PBXSourcesBuildPhase;
			buildActionMask = 2147483647;
			files = (
				9729CAE62D5548D600E20514 /* BooksService.swift in Sources */,
				97F6013C2D5EBEB300FBFC07 /* DetailRow.swift in Sources */,
				97F601302D5E9EA000FBFC07 /* BookRowView.swift in Sources */,
				97F601442D5EC68B00FBFC07 /* BookCell.swift in Sources */,
				9729CAE32D55486100E20514 /* NetworkManager.swift in Sources */,
				9729CAD92D54BEC700E20514 /* BookDetailView.swift in Sources */,
				97F6013A2D5EBDFF00FBFC07 /* BookLink.swift in Sources */,
				97F601362D5EBAA500FBFC07 /* EmptyStateView.swift in Sources */,
				97D86B452D5E8B4C0027869E /* Feed.swift in Sources */,
				9729CAD12D54BCC400E20514 /* BooksViewModel.swift in Sources */,
				9729CA9C2D54300300E20514 /* BaseViewController.swift in Sources */,
				9729CAD32D54BD1100E20514 /* Book.swift in Sources */,
				97F6013E2D5EC0B200FBFC07 /* DateHelper.swift in Sources */,
				97F601322D5EA03F00FBFC07 /* BookSearchViewController.swift in Sources */,
				97F601462D5EC80B00FBFC07 /* BookTableViewCell.swift in Sources */,
				97F601382D5EBDD400FBFC07 /* BookAsyncImage.swift in Sources */,
				9729CADD2D54C01F00E20514 /* BookCellView.swift in Sources */,
				9729CAEA2D55520F00E20514 /* BooksDataManager.swift in Sources */,
				97F6014A2D5F289300FBFC07 /* ImageCache.swift in Sources */,
				9729CA982D54300300E20514 /* AppDelegate.swift in Sources */,
				97F601482D5ED37F00FBFC07 /* BookDataCache.swift in Sources */,
				9729CAD62D54BDA000E20514 /* Constants.swift in Sources */,
				9729CAEF2D5558E800E20514 /* Books.xcdatamodeld in Sources */,
				9729CACB2D54BC6400E20514 /* BooksViewController.swift in Sources */,
			);
			runOnlyForDeploymentPostprocessing = 0;
		};
		9729CAA62D54300500E20514 /* Sources */ = {
			isa = PBXSourcesBuildPhase;
			buildActionMask = 2147483647;
			files = (
				97F601502D5F367100FBFC07 /* MockBooksViewModelDelegate.swift in Sources */,
				97F601552D5F373700FBFC07 /* BookSearchViewControllerTests.swift in Sources */,
				9729CAAF2D54300500E20514 /* KariyernetTests.swift in Sources */,
				97F601522D5F36AE00FBFC07 /* BooksViewModelTests.swift in Sources */,
				97F6014C2D5F31C300FBFC07 /* BooksViewControllerTests.swift in Sources */,
				97F6014E2D5F351C00FBFC07 /* MockBooksViewModel.swift in Sources */,
			);
			runOnlyForDeploymentPostprocessing = 0;
		};
		9729CAB02D54300500E20514 /* Sources */ = {
			isa = PBXSourcesBuildPhase;
			buildActionMask = 2147483647;
			files = (
				9729CABB2D54300500E20514 /* KariyernetUITestsLaunchTests.swift in Sources */,
				9729CAB92D54300500E20514 /* KariyernetUITests.swift in Sources */,
			);
			runOnlyForDeploymentPostprocessing = 0;
		};
/* End PBXSourcesBuildPhase section */

/* Begin PBXTargetDependency section */
		9729CAAC2D54300500E20514 /* PBXTargetDependency */ = {
			isa = PBXTargetDependency;
			target = 9729CA932D54300300E20514 /* Kariyernet */;
			targetProxy = 9729CAAB2D54300500E20514 /* PBXContainerItemProxy */;
		};
		9729CAB62D54300500E20514 /* PBXTargetDependency */ = {
			isa = PBXTargetDependency;
			target = 9729CA932D54300300E20514 /* Kariyernet */;
			targetProxy = 9729CAB52D54300500E20514 /* PBXContainerItemProxy */;
		};
/* End PBXTargetDependency section */

/* Begin PBXVariantGroup section */
		9729CA9D2D54300300E20514 /* Main.storyboard */ = {
			isa = PBXVariantGroup;
			children = (
				9729CA9E2D54300300E20514 /* Base */,
			);
			name = Main.storyboard;
			sourceTree = "<group>";
		};
		9729CAA22D54300500E20514 /* LaunchScreen.storyboard */ = {
			isa = PBXVariantGroup;
			children = (
				9729CAA32D54300500E20514 /* Base */,
			);
			name = LaunchScreen.storyboard;
			sourceTree = "<group>";
		};
/* End PBXVariantGroup section */

/* Begin XCBuildConfiguration section */
		9729CABC2D54300500E20514 /* Debug */ = {
			isa = XCBuildConfiguration;
			buildSettings = {
				ALWAYS_SEARCH_USER_PATHS = NO;
				ASSETCATALOG_COMPILER_GENERATE_SWIFT_ASSET_SYMBOL_EXTENSIONS = YES;
				CLANG_ANALYZER_NONNULL = YES;
				CLANG_ANALYZER_NUMBER_OBJECT_CONVERSION = YES_AGGRESSIVE;
				CLANG_CXX_LANGUAGE_STANDARD = "gnu++20";
				CLANG_ENABLE_MODULES = YES;
				CLANG_ENABLE_OBJC_ARC = YES;
				CLANG_ENABLE_OBJC_WEAK = YES;
				CLANG_WARN_BLOCK_CAPTURE_AUTORELEASING = YES;
				CLANG_WARN_BOOL_CONVERSION = YES;
				CLANG_WARN_COMMA = YES;
				CLANG_WARN_CONSTANT_CONVERSION = YES;
				CLANG_WARN_DEPRECATED_OBJC_IMPLEMENTATIONS = YES;
				CLANG_WARN_DIRECT_OBJC_ISA_USAGE = YES_ERROR;
				CLANG_WARN_DOCUMENTATION_COMMENTS = YES;
				CLANG_WARN_EMPTY_BODY = YES;
				CLANG_WARN_ENUM_CONVERSION = YES;
				CLANG_WARN_INFINITE_RECURSION = YES;
				CLANG_WARN_INT_CONVERSION = YES;
				CLANG_WARN_NON_LITERAL_NULL_CONVERSION = YES;
				CLANG_WARN_OBJC_IMPLICIT_RETAIN_SELF = YES;
				CLANG_WARN_OBJC_LITERAL_CONVERSION = YES;
				CLANG_WARN_OBJC_ROOT_CLASS = YES_ERROR;
				CLANG_WARN_QUOTED_INCLUDE_IN_FRAMEWORK_HEADER = YES;
				CLANG_WARN_RANGE_LOOP_ANALYSIS = YES;
				CLANG_WARN_STRICT_PROTOTYPES = YES;
				CLANG_WARN_SUSPICIOUS_MOVE = YES;
				CLANG_WARN_UNGUARDED_AVAILABILITY = YES_AGGRESSIVE;
				CLANG_WARN_UNREACHABLE_CODE = YES;
				CLANG_WARN__DUPLICATE_METHOD_MATCH = YES;
				COPY_PHASE_STRIP = NO;
				DEBUG_INFORMATION_FORMAT = dwarf;
				ENABLE_STRICT_OBJC_MSGSEND = YES;
				ENABLE_TESTABILITY = YES;
				ENABLE_USER_SCRIPT_SANDBOXING = YES;
				GCC_C_LANGUAGE_STANDARD = gnu17;
				GCC_DYNAMIC_NO_PIC = NO;
				GCC_NO_COMMON_BLOCKS = YES;
				GCC_OPTIMIZATION_LEVEL = 0;
				GCC_PREPROCESSOR_DEFINITIONS = (
					"DEBUG=1",
					"$(inherited)",
				);
				GCC_WARN_64_TO_32_BIT_CONVERSION = YES;
				GCC_WARN_ABOUT_RETURN_TYPE = YES_ERROR;
				GCC_WARN_UNDECLARED_SELECTOR = YES;
				GCC_WARN_UNINITIALIZED_AUTOS = YES_AGGRESSIVE;
				GCC_WARN_UNUSED_FUNCTION = YES;
				GCC_WARN_UNUSED_VARIABLE = YES;
				IPHONEOS_DEPLOYMENT_TARGET = 17.5;
				LOCALIZATION_PREFERS_STRING_CATALOGS = YES;
				MTL_ENABLE_DEBUG_INFO = INCLUDE_SOURCE;
				MTL_FAST_MATH = YES;
				ONLY_ACTIVE_ARCH = YES;
				SDKROOT = iphoneos;
				SWIFT_ACTIVE_COMPILATION_CONDITIONS = "DEBUG $(inherited)";
				SWIFT_OPTIMIZATION_LEVEL = "-Onone";
			};
			name = Debug;
		};
		9729CABD2D54300500E20514 /* Release */ = {
			isa = XCBuildConfiguration;
			buildSettings = {
				ALWAYS_SEARCH_USER_PATHS = NO;
				ASSETCATALOG_COMPILER_GENERATE_SWIFT_ASSET_SYMBOL_EXTENSIONS = YES;
				CLANG_ANALYZER_NONNULL = YES;
				CLANG_ANALYZER_NUMBER_OBJECT_CONVERSION = YES_AGGRESSIVE;
				CLANG_CXX_LANGUAGE_STANDARD = "gnu++20";
				CLANG_ENABLE_MODULES = YES;
				CLANG_ENABLE_OBJC_ARC = YES;
				CLANG_ENABLE_OBJC_WEAK = YES;
				CLANG_WARN_BLOCK_CAPTURE_AUTORELEASING = YES;
				CLANG_WARN_BOOL_CONVERSION = YES;
				CLANG_WARN_COMMA = YES;
				CLANG_WARN_CONSTANT_CONVERSION = YES;
				CLANG_WARN_DEPRECATED_OBJC_IMPLEMENTATIONS = YES;
				CLANG_WARN_DIRECT_OBJC_ISA_USAGE = YES_ERROR;
				CLANG_WARN_DOCUMENTATION_COMMENTS = YES;
				CLANG_WARN_EMPTY_BODY = YES;
				CLANG_WARN_ENUM_CONVERSION = YES;
				CLANG_WARN_INFINITE_RECURSION = YES;
				CLANG_WARN_INT_CONVERSION = YES;
				CLANG_WARN_NON_LITERAL_NULL_CONVERSION = YES;
				CLANG_WARN_OBJC_IMPLICIT_RETAIN_SELF = YES;
				CLANG_WARN_OBJC_LITERAL_CONVERSION = YES;
				CLANG_WARN_OBJC_ROOT_CLASS = YES_ERROR;
				CLANG_WARN_QUOTED_INCLUDE_IN_FRAMEWORK_HEADER = YES;
				CLANG_WARN_RANGE_LOOP_ANALYSIS = YES;
				CLANG_WARN_STRICT_PROTOTYPES = YES;
				CLANG_WARN_SUSPICIOUS_MOVE = YES;
				CLANG_WARN_UNGUARDED_AVAILABILITY = YES_AGGRESSIVE;
				CLANG_WARN_UNREACHABLE_CODE = YES;
				CLANG_WARN__DUPLICATE_METHOD_MATCH = YES;
				COPY_PHASE_STRIP = NO;
				DEBUG_INFORMATION_FORMAT = "dwarf-with-dsym";
				ENABLE_NS_ASSERTIONS = NO;
				ENABLE_STRICT_OBJC_MSGSEND = YES;
				ENABLE_USER_SCRIPT_SANDBOXING = YES;
				GCC_C_LANGUAGE_STANDARD = gnu17;
				GCC_NO_COMMON_BLOCKS = YES;
				GCC_WARN_64_TO_32_BIT_CONVERSION = YES;
				GCC_WARN_ABOUT_RETURN_TYPE = YES_ERROR;
				GCC_WARN_UNDECLARED_SELECTOR = YES;
				GCC_WARN_UNINITIALIZED_AUTOS = YES_AGGRESSIVE;
				GCC_WARN_UNUSED_FUNCTION = YES;
				GCC_WARN_UNUSED_VARIABLE = YES;
				IPHONEOS_DEPLOYMENT_TARGET = 17.5;
				LOCALIZATION_PREFERS_STRING_CATALOGS = YES;
				MTL_ENABLE_DEBUG_INFO = NO;
				MTL_FAST_MATH = YES;
				SDKROOT = iphoneos;
				SWIFT_COMPILATION_MODE = wholemodule;
				VALIDATE_PRODUCT = YES;
			};
			name = Release;
		};
		9729CABF2D54300500E20514 /* Debug */ = {
			isa = XCBuildConfiguration;
			buildSettings = {
				ASSETCATALOG_COMPILER_APPICON_NAME = AppIcon;
				ASSETCATALOG_COMPILER_GLOBAL_ACCENT_COLOR_NAME = AccentColor;
				CODE_SIGN_STYLE = Automatic;
				CURRENT_PROJECT_VERSION = 1;
				GENERATE_INFOPLIST_FILE = YES;
				INFOPLIST_FILE = Kariyernet/Info.plist;
				INFOPLIST_KEY_UIApplicationSupportsIndirectInputEvents = YES;
				INFOPLIST_KEY_UILaunchStoryboardName = LaunchScreen;
				INFOPLIST_KEY_UIMainStoryboardFile = Main;
				INFOPLIST_KEY_UISupportedInterfaceOrientations_iPad = "UIInterfaceOrientationPortrait UIInterfaceOrientationPortraitUpsideDown UIInterfaceOrientationLandscapeLeft UIInterfaceOrientationLandscapeRight";
				INFOPLIST_KEY_UISupportedInterfaceOrientations_iPhone = "UIInterfaceOrientationPortrait UIInterfaceOrientationLandscapeLeft UIInterfaceOrientationLandscapeRight";
				LD_RUNPATH_SEARCH_PATHS = (
					"$(inherited)",
					"@executable_path/Frameworks",
				);
				MARKETING_VERSION = 1.0;
				PRODUCT_BUNDLE_IDENTIFIER = com.canberkcakmak.Kariyernet;
				PRODUCT_NAME = "$(TARGET_NAME)";
				SWIFT_EMIT_LOC_STRINGS = YES;
				SWIFT_VERSION = 5.0;
				TARGETED_DEVICE_FAMILY = "1,2";
			};
			name = Debug;
		};
		9729CAC02D54300500E20514 /* Release */ = {
			isa = XCBuildConfiguration;
			buildSettings = {
				ASSETCATALOG_COMPILER_APPICON_NAME = AppIcon;
				ASSETCATALOG_COMPILER_GLOBAL_ACCENT_COLOR_NAME = AccentColor;
				CODE_SIGN_STYLE = Automatic;
				CURRENT_PROJECT_VERSION = 1;
				GENERATE_INFOPLIST_FILE = YES;
				INFOPLIST_FILE = Kariyernet/Info.plist;
				INFOPLIST_KEY_UIApplicationSupportsIndirectInputEvents = YES;
				INFOPLIST_KEY_UILaunchStoryboardName = LaunchScreen;
				INFOPLIST_KEY_UIMainStoryboardFile = Main;
				INFOPLIST_KEY_UISupportedInterfaceOrientations_iPad = "UIInterfaceOrientationPortrait UIInterfaceOrientationPortraitUpsideDown UIInterfaceOrientationLandscapeLeft UIInterfaceOrientationLandscapeRight";
				INFOPLIST_KEY_UISupportedInterfaceOrientations_iPhone = "UIInterfaceOrientationPortrait UIInterfaceOrientationLandscapeLeft UIInterfaceOrientationLandscapeRight";
				LD_RUNPATH_SEARCH_PATHS = (
					"$(inherited)",
					"@executable_path/Frameworks",
				);
				MARKETING_VERSION = 1.0;
				PRODUCT_BUNDLE_IDENTIFIER = com.canberkcakmak.Kariyernet;
				PRODUCT_NAME = "$(TARGET_NAME)";
				SWIFT_EMIT_LOC_STRINGS = YES;
				SWIFT_VERSION = 5.0;
				TARGETED_DEVICE_FAMILY = "1,2";
			};
			name = Release;
		};
		9729CAC22D54300500E20514 /* Debug */ = {
			isa = XCBuildConfiguration;
			buildSettings = {
				ALWAYS_EMBED_SWIFT_STANDARD_LIBRARIES = YES;
				BUNDLE_LOADER = "$(TEST_HOST)";
				CODE_SIGN_STYLE = Automatic;
				CURRENT_PROJECT_VERSION = 1;
				GENERATE_INFOPLIST_FILE = YES;
				IPHONEOS_DEPLOYMENT_TARGET = 17.5;
				MARKETING_VERSION = 1.0;
				PRODUCT_BUNDLE_IDENTIFIER = com.canberkcakmak.KariyernetTests;
				PRODUCT_NAME = "$(TARGET_NAME)";
				SWIFT_EMIT_LOC_STRINGS = NO;
				SWIFT_VERSION = 5.0;
				TARGETED_DEVICE_FAMILY = "1,2";
				TEST_HOST = "$(BUILT_PRODUCTS_DIR)/Kariyernet.app/$(BUNDLE_EXECUTABLE_FOLDER_PATH)/Kariyernet";
			};
			name = Debug;
		};
		9729CAC32D54300500E20514 /* Release */ = {
			isa = XCBuildConfiguration;
			buildSettings = {
				ALWAYS_EMBED_SWIFT_STANDARD_LIBRARIES = YES;
				BUNDLE_LOADER = "$(TEST_HOST)";
				CODE_SIGN_STYLE = Automatic;
				CURRENT_PROJECT_VERSION = 1;
				GENERATE_INFOPLIST_FILE = YES;
				IPHONEOS_DEPLOYMENT_TARGET = 17.5;
				MARKETING_VERSION = 1.0;
				PRODUCT_BUNDLE_IDENTIFIER = com.canberkcakmak.KariyernetTests;
				PRODUCT_NAME = "$(TARGET_NAME)";
				SWIFT_EMIT_LOC_STRINGS = NO;
				SWIFT_VERSION = 5.0;
				TARGETED_DEVICE_FAMILY = "1,2";
				TEST_HOST = "$(BUILT_PRODUCTS_DIR)/Kariyernet.app/$(BUNDLE_EXECUTABLE_FOLDER_PATH)/Kariyernet";
			};
			name = Release;
		};
		9729CAC52D54300500E20514 /* Debug */ = {
			isa = XCBuildConfiguration;
			buildSettings = {
				ALWAYS_EMBED_SWIFT_STANDARD_LIBRARIES = YES;
				CODE_SIGN_STYLE = Automatic;
				CURRENT_PROJECT_VERSION = 1;
				GENERATE_INFOPLIST_FILE = YES;
				MARKETING_VERSION = 1.0;
				PRODUCT_BUNDLE_IDENTIFIER = com.canberkcakmak.KariyernetUITests;
				PRODUCT_NAME = "$(TARGET_NAME)";
				SWIFT_EMIT_LOC_STRINGS = NO;
				SWIFT_VERSION = 5.0;
				TARGETED_DEVICE_FAMILY = "1,2";
				TEST_TARGET_NAME = Kariyernet;
			};
			name = Debug;
		};
		9729CAC62D54300500E20514 /* Release */ = {
			isa = XCBuildConfiguration;
			buildSettings = {
				ALWAYS_EMBED_SWIFT_STANDARD_LIBRARIES = YES;
				CODE_SIGN_STYLE = Automatic;
				CURRENT_PROJECT_VERSION = 1;
				GENERATE_INFOPLIST_FILE = YES;
				MARKETING_VERSION = 1.0;
				PRODUCT_BUNDLE_IDENTIFIER = com.canberkcakmak.KariyernetUITests;
				PRODUCT_NAME = "$(TARGET_NAME)";
				SWIFT_EMIT_LOC_STRINGS = NO;
				SWIFT_VERSION = 5.0;
				TARGETED_DEVICE_FAMILY = "1,2";
				TEST_TARGET_NAME = Kariyernet;
			};
			name = Release;
		};
/* End XCBuildConfiguration section */

/* Begin XCConfigurationList section */
		9729CA8F2D54300300E20514 /* Build configuration list for PBXProject "Kariyernet" */ = {
			isa = XCConfigurationList;
			buildConfigurations = (
				9729CABC2D54300500E20514 /* Debug */,
				9729CABD2D54300500E20514 /* Release */,
			);
			defaultConfigurationIsVisible = 0;
			defaultConfigurationName = Release;
		};
		9729CABE2D54300500E20514 /* Build configuration list for PBXNativeTarget "Kariyernet" */ = {
			isa = XCConfigurationList;
			buildConfigurations = (
				9729CABF2D54300500E20514 /* Debug */,
				9729CAC02D54300500E20514 /* Release */,
			);
			defaultConfigurationIsVisible = 0;
			defaultConfigurationName = Release;
		};
		9729CAC12D54300500E20514 /* Build configuration list for PBXNativeTarget "KariyernetTests" */ = {
			isa = XCConfigurationList;
			buildConfigurations = (
				9729CAC22D54300500E20514 /* Debug */,
				9729CAC32D54300500E20514 /* Release */,
			);
			defaultConfigurationIsVisible = 0;
			defaultConfigurationName = Release;
		};
		9729CAC42D54300500E20514 /* Build configuration list for PBXNativeTarget "KariyernetUITests" */ = {
			isa = XCConfigurationList;
			buildConfigurations = (
				9729CAC52D54300500E20514 /* Debug */,
				9729CAC62D54300500E20514 /* Release */,
			);
			defaultConfigurationIsVisible = 0;
			defaultConfigurationName = Release;
		};
/* End XCConfigurationList section */

/* Begin XCVersionGroup section */
		9729CAED2D5558E800E20514 /* Books.xcdatamodeld */ = {
			isa = XCVersionGroup;
			children = (
				9729CAEE2D5558E800E20514 /* FavoriteBook.xcdatamodel */,
			);
			currentVersion = 9729CAEE2D5558E800E20514 /* FavoriteBook.xcdatamodel */;
			path = Books.xcdatamodeld;
			sourceTree = "<group>";
			versionGroupType = wrapper.xcdatamodel;
		};
/* End XCVersionGroup section */
	};
	rootObject = 9729CA8C2D54300300E20514 /* Project object */;
}
